
Microsoft Visual Studio Solution File, Format Version 12.00
# Visual Studio Version 17
VisualStudioVersion = 17.9.34616.47
MinimumVisualStudioVersion = 10.0.40219.1
Project("{8BC9CEB8-8B4A-11D0-8D11-00A0C91BC942}") = "A02-Will-Forbes", "A02-Will-Forbes.vcxproj", "{0E86868C-E97D-44E0-94A1-CD18226B5DBB}"
EndProject
Global
	GlobalSection(SolutionConfigurationPlatforms) = preSolution
		Debug|x64 = Debug|x64
		Debug|x86 = Debug|x86
		Release|x64 = Release|x64
		Release|x86 = Release|x86
	EndGlobalSection
	GlobalSection(ProjectConfigurationPlatforms) = postSolution
		{0E86868C-E97D-44E0-94A1-CD18226B5DBB}.Debug|x64.ActiveCfg = Debug|x64
		{0E86868C-E97D-44E0-94A1-CD18226B5DBB}.Debug|x64.Build.0 = Debug|x64
		{0E86868C-E97D-44E0-94A1-CD18226B5DBB}.Debug|x86.ActiveCfg = Debug|Win32
		{0E86868C-E97D-44E0-94A1-CD18226B5DBB}.Debug|x86.Build.0 = Debug|Win32
		{0E86868C-E97D-44E0-94A1-CD18226B5DBB}.Release|x64.ActiveCfg = Release|x64
		{0E86868C-E97D-44E0-94A1-CD18226B5DBB}.Release|x64.Build.0 = Release|x64
		{0E86868C-E97D-44E0-94A1-CD18226B5DBB}.Release|x86.ActiveCfg = Release|Win32
		{0E86868C-E97D-44E0-94A1-CD18226B5DBB}.Release|x86.Build.0 = Release|Win32
	EndGlobalSection
	GlobalSection(SolutionProperties) = preSolution
		HideSolutionNode = FALSE
	EndGlobalSection
	GlobalSection(ExtensibilityGlobals) = postSolution
		SolutionGuid = {BAB7C8A2-EE9E-4A33-A3FE-3C8433F91395}
	EndGlobalSection
EndGlobal
